
Microsoft Visual Studio Solution File, Format Version 12.00
# Visual Studio Version 17
VisualStudioVersion = 17.5.33424.131
MinimumVisualStudioVersion = 10.0.40219.1
Project("{FAE04EC0-301F-11D3-BF4B-00C04F79EFBC}") = "SD_Phase2", "SD_Phase2.csproj", "{AD826DF3-E9C7-48DA-9162-F105303126FF}"
EndProject
Global
	GlobalSection(SolutionConfigurationPlatforms) = preSolution
		Debug|Any CPU = Debug|Any CPU
		Release|Any CPU = Release|Any CPU
	EndGlobalSection
	GlobalSection(ProjectConfigurationPlatforms) = postSolution
		{AD826DF3-E9C7-48DA-9162-F105303126FF}.Debug|Any CPU.ActiveCfg = Debug|Any CPU
		{AD826DF3-E9C7-48DA-9162-F105303126FF}.Debug|Any CPU.Build.0 = Debug|Any CPU
		{AD826DF3-E9C7-48DA-9162-F105303126FF}.Release|Any CPU.ActiveCfg = Release|Any CPU
		{AD826DF3-E9C7-48DA-9162-F105303126FF}.Release|Any CPU.Build.0 = Release|Any CPU
	EndGlobalSection
	GlobalSection(SolutionProperties) = preSolution
		HideSolutionNode = FALSE
	EndGlobalSection
	GlobalSection(ExtensibilityGlobals) = postSolution
		SolutionGuid = {D948C573-9E0F-4224-95DF-5254409F65F9}
	EndGlobalSection
EndGlobal
